
Microsoft Visual Studio Solution File, Format Version 12.00
# Visual Studio Version 16
VisualStudioVersion = 16.0.31005.135
MinimumVisualStudioVersion = 10.0.40219.1
Project("{FAE04EC0-301F-11D3-BF4B-00C04F79EFBC}") = "Match3Solver", "Match3Solver\Match3Solver.csproj", "{1C6187B4-3D0F-4821-A051-BD4A48320838}"
EndProject
Global
	GlobalSection(SolutionConfigurationPlatforms) = preSolution
		Debug|Any CPU = Debug|Any CPU
		Release|Any CPU = Release|Any CPU
	EndGlobalSection
	GlobalSection(ProjectConfigurationPlatforms) = postSolution
		{1C6187B4-3D0F-4821-A051-BD4A48320838}.Debug|Any CPU.ActiveCfg = Debug|Any CPU
		{1C6187B4-3D0F-4821-A051-BD4A48320838}.Debug|Any CPU.Build.0 = Debug|Any CPU
		{1C6187B4-3D0F-4821-A051-BD4A48320838}.Release|Any CPU.ActiveCfg = Release|Any CPU
		{1C6187B4-3D0F-4821-A051-BD4A48320838}.Release|Any CPU.Build.0 = Release|Any CPU
	EndGlobalSection
	GlobalSection(SolutionProperties) = preSolution
		HideSolutionNode = FALSE
	EndGlobalSection
	GlobalSection(ExtensibilityGlobals) = postSolution
		SolutionGuid = {B85F0CD1-6305-4223-9D3A-B4B71916CD62}
	EndGlobalSection
EndGlobal
